
Microsoft Visual Studio Solution File, Format Version 12.00
# Visual Studio 15
VisualStudioVersion = 15.0.28307.168
MinimumVisualStudioVersion = 10.0.40219.1
Project("{FAE04EC0-301F-11D3-BF4B-00C04F79EFBC}") = "UdpProtocolClient", "UdpProtocol\UdpProtocolClient.csproj", "{AD27C5C4-368E-4633-9416-080DB8E7AC49}"
EndProject
Project("{FAE04EC0-301F-11D3-BF4B-00C04F79EFBC}") = "UdpClientServer", "UdpClientServer\UdpClientServer.csproj", "{E389FEDC-F7CC-4CBF-87A6-34879F375ADC}"
EndProject
Global
	GlobalSection(SolutionConfigurationPlatforms) = preSolution
		Debug|Any CPU = Debug|Any CPU
		Release|Any CPU = Release|Any CPU
	EndGlobalSection
	GlobalSection(ProjectConfigurationPlatforms) = postSolution
		{AD27C5C4-368E-4633-9416-080DB8E7AC49}.Debug|Any CPU.ActiveCfg = Debug|Any CPU
		{AD27C5C4-368E-4633-9416-080DB8E7AC49}.Debug|Any CPU.Build.0 = Debug|Any CPU
		{AD27C5C4-368E-4633-9416-080DB8E7AC49}.Release|Any CPU.ActiveCfg = Release|Any CPU
		{AD27C5C4-368E-4633-9416-080DB8E7AC49}.Release|Any CPU.Build.0 = Release|Any CPU
		{E389FEDC-F7CC-4CBF-87A6-34879F375ADC}.Debug|Any CPU.ActiveCfg = Debug|Any CPU
		{E389FEDC-F7CC-4CBF-87A6-34879F375ADC}.Debug|Any CPU.Build.0 = Debug|Any CPU
		{E389FEDC-F7CC-4CBF-87A6-34879F375ADC}.Release|Any CPU.ActiveCfg = Release|Any CPU
		{E389FEDC-F7CC-4CBF-87A6-34879F375ADC}.Release|Any CPU.Build.0 = Release|Any CPU
	EndGlobalSection
	GlobalSection(SolutionProperties) = preSolution
		HideSolutionNode = FALSE
	EndGlobalSection
	GlobalSection(ExtensibilityGlobals) = postSolution
		SolutionGuid = {EC80F7E3-E713-4070-B219-EA59FB402A68}
	EndGlobalSection
EndGlobal
